// !$*UTF8*$!
{
	archiveVersion = 1;
	classes = {
	};
	objectVersion = 48;
	objects = {

/* Begin PBXBuildFile section */
		4514BC7A1FDDB04500A1EC32 /* SevenHup.framework in Frameworks */ = {isa = PBXBuildFile; fileRef = 4514BC701FDDB04500A1EC32 /* SevenHup.framework */; };
		4514BC811FDDB04500A1EC32 /* SevenHup.h in Headers */ = {isa = PBXBuildFile; fileRef = 4514BC731FDDB04500A1EC32 /* SevenHup.h */; settings = {ATTRIBUTES = (Public, ); }; };
		4514BC8D1FDDB13D00A1EC32 /* ProcessFilterTests.swift in Sources */ = {isa = PBXBuildFile; fileRef = 4514BC8A1FDDB13D00A1EC32 /* ProcessFilterTests.swift */; };
		4514BC8E1FDDB13D00A1EC32 /* ProcessIntegrationTests.swift in Sources */ = {isa = PBXBuildFile; fileRef = 4514BC8B1FDDB13D00A1EC32 /* ProcessIntegrationTests.swift */; };
		4514BC8F1FDDB13D00A1EC32 /* ProcessManagerTests.swift in Sources */ = {isa = PBXBuildFile; fileRef = 4514BC8C1FDDB13D00A1EC32 /* ProcessManagerTests.swift */; };
		4514BC961FDDB14700A1EC32 /* SUPProcessKiller.m in Sources */ = {isa = PBXBuildFile; fileRef = 4514BC901FDDB14700A1EC32 /* SUPProcessKiller.m */; };
		4514BC971FDDB14700A1EC32 /* ProcessData.swift in Sources */ = {isa = PBXBuildFile; fileRef = 4514BC911FDDB14700A1EC32 /* ProcessData.swift */; };
		4514BC981FDDB14700A1EC32 /* ProcessKiller.swift in Sources */ = {isa = PBXBuildFile; fileRef = 4514BC921FDDB14700A1EC32 /* ProcessKiller.swift */; };
		4514BC9A1FDDB14700A1EC32 /* ProcessManager.swift in Sources */ = {isa = PBXBuildFile; fileRef = 4514BC941FDDB14700A1EC32 /* ProcessManager.swift */; };
		4514BC9B1FDDB14700A1EC32 /* SUPProcessKiller.h in Headers */ = {isa = PBXBuildFile; fileRef = 4514BC951FDDB14700A1EC32 /* SUPProcessKiller.h */; settings = {ATTRIBUTES = (Public, ); }; };
		4514E01622529B10001A778A /* SUPProcesses.m in Sources */ = {isa = PBXBuildFile; fileRef = 4514E01522529B10001A778A /* SUPProcesses.m */; };
		4514E01822529DCA001A778A /* SUPProcesses.h in Sources */ = {isa = PBXBuildFile; fileRef = 4514E01722529DCA001A778A /* SUPProcesses.h */; };
		4514E01A2252A13F001A778A /* ProcessesTests.swift in Sources */ = {isa = PBXBuildFile; fileRef = 4514E0192252A13F001A778A /* ProcessesTests.swift */; };
		4514E01D2252A186001A778A /* ProcessManagerRouter.swift in Sources */ = {isa = PBXBuildFile; fileRef = 4514E01C2252A186001A778A /* ProcessManagerRouter.swift */; };
		4514E01F2252A650001A778A /* ProcessFilter.swift in Sources */ = {isa = PBXBuildFile; fileRef = 4514E01E2252A650001A778A /* ProcessFilter.swift */; };
		4514E0212252AAE6001A778A /* Constants.h in Sources */ = {isa = PBXBuildFile; fileRef = 4514E0202252AAE6001A778A /* Constants.h */; };
		4514E0222252AC81001A778A /* Constants.h in Headers */ = {isa = PBXBuildFile; fileRef = 4514E0202252AAE6001A778A /* Constants.h */; settings = {ATTRIBUTES = (Public, ); }; };
		4514E0232252C043001A778A /* SUPProcesses.h in Headers */ = {isa = PBXBuildFile; fileRef = 4514E01722529DCA001A778A /* SUPProcesses.h */; settings = {ATTRIBUTES = (Public, ); }; };
		452A33E01FDE1570002F28A6 /* TestConstants.swift in Sources */ = {isa = PBXBuildFile; fileRef = 452A33DF1FDE1570002F28A6 /* TestConstants.swift */; };
		452A33E21FDE1579002F28A6 /* XCTestCase+BundleResources.swift in Sources */ = {isa = PBXBuildFile; fileRef = 452A33E11FDE1578002F28A6 /* XCTestCase+BundleResources.swift */; };
		452A33E41FDE15D4002F28A6 /* Data in Resources */ = {isa = PBXBuildFile; fileRef = 452A33E31FDE15D4002F28A6 /* Data */; };
		452A33E51FDE188A002F28A6 /* SodaStream.framework in Frameworks */ = {isa = PBXBuildFile; fileRef = 45B68F1D1FDE0A72000C3EA5 /* SodaStream.framework */; };
		452A33E71FDE198F002F28A6 /* XCTestCase+Tasks.swift in Sources */ = {isa = PBXBuildFile; fileRef = 452A33E61FDE198F002F28A6 /* XCTestCase+Tasks.swift */; };
		452A33E91FDE1B87002F28A6 /* SodaStream.framework in CopyFiles */ = {isa = PBXBuildFile; fileRef = 45B68F1D1FDE0A72000C3EA5 /* SodaStream.framework */; settings = {ATTRIBUTES = (CodeSignOnCopy, RemoveHeadersOnCopy, ); }; };
		45A1D1962225577E005A7157 /* SUPProcessMonitor.h in Headers */ = {isa = PBXBuildFile; fileRef = 45A1D1942225577E005A7157 /* SUPProcessMonitor.h */; settings = {ATTRIBUTES = (Public, ); }; };
		45A1D1972225577E005A7157 /* SUPProcessMonitor.m in Sources */ = {isa = PBXBuildFile; fileRef = 45A1D1952225577E005A7157 /* SUPProcessMonitor.m */; };
		45B68F1E1FDE0A72000C3EA5 /* SodaStream.framework in Frameworks */ = {isa = PBXBuildFile; fileRef = 45B68F1D1FDE0A72000C3EA5 /* SodaStream.framework */; };
		45EA5C9F1FDDB79100303D1F /* Constants.swift in Sources */ = {isa = PBXBuildFile; fileRef = 45EA5C9E1FDDB79100303D1F /* Constants.swift */; };
/* End PBXBuildFile section */

/* Begin PBXContainerItemProxy section */
		4514BC7B1FDDB04500A1EC32 /* PBXContainerItemProxy */ = {
			isa = PBXContainerItemProxy;
			containerPortal = 4514BC671FDDB04500A1EC32 /* Project object */;
			proxyType = 1;
			remoteGlobalIDString = 4514BC6F1FDDB04500A1EC32;
			remoteInfo = SevenHup;
		};
/* End PBXContainerItemProxy section */

/* Begin PBXCopyFilesBuildPhase section */
		452A33E81FDE1B7B002F28A6 /* CopyFiles */ = {
			isa = PBXCopyFilesBuildPhase;
			buildActionMask = 2147483647;
			dstPath = "";
			dstSubfolderSpec = 10;
			files = (
				452A33E91FDE1B87002F28A6 /* SodaStream.framework in CopyFiles */,
			);
			runOnlyForDeploymentPostprocessing = 0;
		};
/* End PBXCopyFilesBuildPhase section */

/* Begin PBXFileReference section */
		4514BC701FDDB04500A1EC32 /* SevenHup.framework */ = {isa = PBXFileReference; explicitFileType = wrapper.framework; includeInIndex = 0; path = SevenHup.framework; sourceTree = BUILT_PRODUCTS_DIR; };
		4514BC731FDDB04500A1EC32 /* SevenHup.h */ = {isa = PBXFileReference; lastKnownFileType = sourcecode.c.h; path = SevenHup.h; sourceTree = "<group>"; };
		4514BC741FDDB04500A1EC32 /* Info.plist */ = {isa = PBXFileReference; lastKnownFileType = text.plist.xml; path = Info.plist; sourceTree = "<group>"; };
		4514BC791FDDB04500A1EC32 /* SevenHupTests.xctest */ = {isa = PBXFileReference; explicitFileType = wrapper.cfbundle; includeInIndex = 0; path = SevenHupTests.xctest; sourceTree = BUILT_PRODUCTS_DIR; };
		4514BC801FDDB04500A1EC32 /* Info.plist */ = {isa = PBXFileReference; lastKnownFileType = text.plist.xml; path = Info.plist; sourceTree = "<group>"; };
		4514BC8A1FDDB13D00A1EC32 /* ProcessFilterTests.swift */ = {isa = PBXFileReference; fileEncoding = 4; lastKnownFileType = sourcecode.swift; path = ProcessFilterTests.swift; sourceTree = "<group>"; };
		4514BC8B1FDDB13D00A1EC32 /* ProcessIntegrationTests.swift */ = {isa = PBXFileReference; fileEncoding = 4; lastKnownFileType = sourcecode.swift; path = ProcessIntegrationTests.swift; sourceTree = "<group>"; };
		4514BC8C1FDDB13D00A1EC32 /* ProcessManagerTests.swift */ = {isa = PBXFileReference; fileEncoding = 4; lastKnownFileType = sourcecode.swift; path = ProcessManagerTests.swift; sourceTree = "<group>"; };
		4514BC901FDDB14700A1EC32 /* SUPProcessKiller.m */ = {isa = PBXFileReference; fileEncoding = 4; lastKnownFileType = sourcecode.c.objc; path = SUPProcessKiller.m; sourceTree = "<group>"; };
		4514BC911FDDB14700A1EC32 /* ProcessData.swift */ = {isa = PBXFileReference; fileEncoding = 4; lastKnownFileType = sourcecode.swift; path = ProcessData.swift; sourceTree = "<group>"; };
		4514BC921FDDB14700A1EC32 /* ProcessKiller.swift */ = {isa = PBXFileReference; fileEncoding = 4; lastKnownFileType = sourcecode.swift; path = ProcessKiller.swift; sourceTree = "<group>"; };
		4514BC941FDDB14700A1EC32 /* ProcessManager.swift */ = {isa = PBXFileReference; fileEncoding = 4; lastKnownFileType = sourcecode.swift; path = ProcessManager.swift; sourceTree = "<group>"; };
		4514BC951FDDB14700A1EC32 /* SUPProcessKiller.h */ = {isa = PBXFileReference; fileEncoding = 4; lastKnownFileType = sourcecode.c.h; path = SUPProcessKiller.h; sourceTree = "<group>"; };
		4514E01522529B10001A778A /* SUPProcesses.m */ = {isa = PBXFileReference; lastKnownFileType = sourcecode.c.objc; path = SUPProcesses.m; sourceTree = "<group>"; };
		4514E01722529DCA001A778A /* SUPProcesses.h */ = {isa = PBXFileReference; lastKnownFileType = sourcecode.c.h; path = SUPProcesses.h; sourceTree = "<group>"; };
		4514E0192252A13F001A778A /* ProcessesTests.swift */ = {isa = PBXFileReference; lastKnownFileType = sourcecode.swift; path = ProcessesTests.swift; sourceTree = "<group>"; };
		4514E01C2252A186001A778A /* ProcessManagerRouter.swift */ = {isa = PBXFileReference; lastKnownFileType = sourcecode.swift; path = ProcessManagerRouter.swift; sourceTree = "<group>"; };
		4514E01E2252A650001A778A /* ProcessFilter.swift */ = {isa = PBXFileReference; lastKnownFileType = sourcecode.swift; path = ProcessFilter.swift; sourceTree = "<group>"; };
		4514E0202252AAE6001A778A /* Constants.h */ = {isa = PBXFileReference; lastKnownFileType = sourcecode.c.h; path = Constants.h; sourceTree = "<group>"; };
		452A33DF1FDE1570002F28A6 /* TestConstants.swift */ = {isa = PBXFileReference; lastKnownFileType = sourcecode.swift; path = TestConstants.swift; sourceTree = "<group>"; };
		452A33E11FDE1578002F28A6 /* XCTestCase+BundleResources.swift */ = {isa = PBXFileReference; fileEncoding = 4; lastKnownFileType = sourcecode.swift; path = "XCTestCase+BundleResources.swift"; sourceTree = "<group>"; };
		452A33E31FDE15D4002F28A6 /* Data */ = {isa = PBXFileReference; lastKnownFileType = folder; path = Data; sourceTree = "<group>"; };
		452A33E61FDE198F002F28A6 /* XCTestCase+Tasks.swift */ = {isa = PBXFileReference; fileEncoding = 4; lastKnownFileType = sourcecode.swift; path = "XCTestCase+Tasks.swift"; sourceTree = "<group>"; };
		45A1D1942225577E005A7157 /* SUPProcessMonitor.h */ = {isa = PBXFileReference; fileEncoding = 4; lastKnownFileType = sourcecode.c.h; path = SUPProcessMonitor.h; sourceTree = "<group>"; };
		45A1D1952225577E005A7157 /* SUPProcessMonitor.m */ = {isa = PBXFileReference; fileEncoding = 4; lastKnownFileType = sourcecode.c.objc; path = SUPProcessMonitor.m; sourceTree = "<group>"; };
		45B68F1D1FDE0A72000C3EA5 /* SodaStream.framework */ = {isa = PBXFileReference; lastKnownFileType = wrapper.framework; name = SodaStream.framework; path = Carthage/Build/Mac/SodaStream.framework; sourceTree = "<group>"; };
		45EA5C9E1FDDB79100303D1F /* Constants.swift */ = {isa = PBXFileReference; lastKnownFileType = sourcecode.swift; path = Constants.swift; sourceTree = "<group>"; };
/* End PBXFileReference section */

/* Begin PBXFrameworksBuildPhase section */
		4514BC6C1FDDB04500A1EC32 /* Frameworks */ = {
			isa = PBXFrameworksBuildPhase;
			buildActionMask = 2147483647;
			files = (
				45B68F1E1FDE0A72000C3EA5 /* SodaStream.framework in Frameworks */,
			);
			runOnlyForDeploymentPostprocessing = 0;
		};
		4514BC761FDDB04500A1EC32 /* Frameworks */ = {
			isa = PBXFrameworksBuildPhase;
			buildActionMask = 2147483647;
			files = (
				4514BC7A1FDDB04500A1EC32 /* SevenHup.framework in Frameworks */,
				452A33E51FDE188A002F28A6 /* SodaStream.framework in Frameworks */,
			);
			runOnlyForDeploymentPostprocessing = 0;
		};
/* End PBXFrameworksBuildPhase section */

/* Begin PBXGroup section */
		4514BC661FDDB04500A1EC32 = {
			isa = PBXGroup;
			children = (
				4514BC721FDDB04500A1EC32 /* SevenHup */,
				4514BC7D1FDDB04500A1EC32 /* SevenHupTests */,
				4514BC711FDDB04500A1EC32 /* Products */,
				45B68F1C1FDE0A72000C3EA5 /* Frameworks */,
			);
			sourceTree = "<group>";
		};
		4514BC711FDDB04500A1EC32 /* Products */ = {
			isa = PBXGroup;
			children = (
				4514BC701FDDB04500A1EC32 /* SevenHup.framework */,
				4514BC791FDDB04500A1EC32 /* SevenHupTests.xctest */,
			);
			name = Products;
			sourceTree = "<group>";
		};
		4514BC721FDDB04500A1EC32 /* SevenHup */ = {
			isa = PBXGroup;
			children = (
				45A1D1942225577E005A7157 /* SUPProcessMonitor.h */,
				45A1D1952225577E005A7157 /* SUPProcessMonitor.m */,
				4514BC911FDDB14700A1EC32 /* ProcessData.swift */,
				4514BC921FDDB14700A1EC32 /* ProcessKiller.swift */,
				4514BC941FDDB14700A1EC32 /* ProcessManager.swift */,
				4514BC951FDDB14700A1EC32 /* SUPProcessKiller.h */,
				4514BC901FDDB14700A1EC32 /* SUPProcessKiller.m */,
				4514BC731FDDB04500A1EC32 /* SevenHup.h */,
				4514BC741FDDB04500A1EC32 /* Info.plist */,
				45EA5C9E1FDDB79100303D1F /* Constants.swift */,
				4514E01522529B10001A778A /* SUPProcesses.m */,
				4514E01722529DCA001A778A /* SUPProcesses.h */,
				4514E01E2252A650001A778A /* ProcessFilter.swift */,
				4514E0202252AAE6001A778A /* Constants.h */,
			);
			path = SevenHup;
			sourceTree = "<group>";
		};
		4514BC7D1FDDB04500A1EC32 /* SevenHupTests */ = {
			isa = PBXGroup;
			children = (
				4514E01B2252A170001A778A /* Helper */,
				452A33E31FDE15D4002F28A6 /* Data */,
				4514BC8A1FDDB13D00A1EC32 /* ProcessFilterTests.swift */,
				4514BC8B1FDDB13D00A1EC32 /* ProcessIntegrationTests.swift */,
				4514BC8C1FDDB13D00A1EC32 /* ProcessManagerTests.swift */,
				4514BC801FDDB04500A1EC32 /* Info.plist */,
				452A33DF1FDE1570002F28A6 /* TestConstants.swift */,
				452A33E61FDE198F002F28A6 /* XCTestCase+Tasks.swift */,
				452A33E11FDE1578002F28A6 /* XCTestCase+BundleResources.swift */,
				4514E0192252A13F001A778A /* ProcessesTests.swift */,
			);
			path = SevenHupTests;
			sourceTree = "<group>";
		};
		4514E01B2252A170001A778A /* Helper */ = {
			isa = PBXGroup;
			children = (
				4514E01C2252A186001A778A /* ProcessManagerRouter.swift */,
			);
			path = Helper;
			sourceTree = "<group>";
		};
		45B68F1C1FDE0A72000C3EA5 /* Frameworks */ = {
			isa = PBXGroup;
			children = (
				45B68F1D1FDE0A72000C3EA5 /* SodaStream.framework */,
			);
			name = Frameworks;
			sourceTree = "<group>";
		};
/* End PBXGroup section */

/* Begin PBXHeadersBuildPhase section */
		4514BC6D1FDDB04500A1EC32 /* Headers */ = {
			isa = PBXHeadersBuildPhase;
			buildActionMask = 2147483647;
			files = (
				4514BC9B1FDDB14700A1EC32 /* SUPProcessKiller.h in Headers */,
				4514BC811FDDB04500A1EC32 /* SevenHup.h in Headers */,
				45A1D1962225577E005A7157 /* SUPProcessMonitor.h in Headers */,
				4514E0222252AC81001A778A /* Constants.h in Headers */,
				4514E0232252C043001A778A /* SUPProcesses.h in Headers */,
			);
			runOnlyForDeploymentPostprocessing = 0;
		};
/* End PBXHeadersBuildPhase section */

/* Begin PBXNativeTarget section */
		4514BC6F1FDDB04500A1EC32 /* SevenHup */ = {
			isa = PBXNativeTarget;
			buildConfigurationList = 4514BC841FDDB04500A1EC32 /* Build configuration list for PBXNativeTarget "SevenHup" */;
			buildPhases = (
				4514BC6B1FDDB04500A1EC32 /* Sources */,
				4514BC6C1FDDB04500A1EC32 /* Frameworks */,
				4514BC6D1FDDB04500A1EC32 /* Headers */,
				4514BC6E1FDDB04500A1EC32 /* Resources */,
			);
			buildRules = (
			);
			dependencies = (
			);
			name = SevenHup;
			productName = SevenHup;
			productReference = 4514BC701FDDB04500A1EC32 /* SevenHup.framework */;
			productType = "com.apple.product-type.framework";
		};
		4514BC781FDDB04500A1EC32 /* SevenHupTests */ = {
			isa = PBXNativeTarget;
			buildConfigurationList = 4514BC871FDDB04500A1EC32 /* Build configuration list for PBXNativeTarget "SevenHupTests" */;
			buildPhases = (
				4514BC751FDDB04500A1EC32 /* Sources */,
				4514BC761FDDB04500A1EC32 /* Frameworks */,
				4514BC771FDDB04500A1EC32 /* Resources */,
				452A33E81FDE1B7B002F28A6 /* CopyFiles */,
			);
			buildRules = (
			);
			dependencies = (
				4514BC7C1FDDB04500A1EC32 /* PBXTargetDependency */,
			);
			name = SevenHupTests;
			productName = SevenHupTests;
			productReference = 4514BC791FDDB04500A1EC32 /* SevenHupTests.xctest */;
			productType = "com.apple.product-type.bundle.unit-test";
		};
/* End PBXNativeTarget section */

/* Begin PBXProject section */
		4514BC671FDDB04500A1EC32 /* Project object */ = {
			isa = PBXProject;
			attributes = {
				LastSwiftUpdateCheck = 0920;
				LastUpgradeCheck = 0940;
				ORGANIZATIONNAME = "Roben Kleene";
				TargetAttributes = {
					4514BC6F1FDDB04500A1EC32 = {
						CreatedOnToolsVersion = 9.2;
						LastSwiftMigration = 1020;
						ProvisioningStyle = Automatic;
					};
					4514BC781FDDB04500A1EC32 = {
						CreatedOnToolsVersion = 9.2;
						LastSwiftMigration = 1020;
						ProvisioningStyle = Automatic;
					};
				};
			};
			buildConfigurationList = 4514BC6A1FDDB04500A1EC32 /* Build configuration list for PBXProject "SevenHup" */;
			compatibilityVersion = "Xcode 8.0";
			developmentRegion = en;
			hasScannedForEncodings = 0;
			knownRegions = (
				en,
				Base,
			);
			mainGroup = 4514BC661FDDB04500A1EC32;
			productRefGroup = 4514BC711FDDB04500A1EC32 /* Products */;
			projectDirPath = "";
			projectRoot = "";
			targets = (
				4514BC6F1FDDB04500A1EC32 /* SevenHup */,
				4514BC781FDDB04500A1EC32 /* SevenHupTests */,
			);
		};
/* End PBXProject section */

/* Begin PBXResourcesBuildPhase section */
		4514BC6E1FDDB04500A1EC32 /* Resources */ = {
			isa = PBXResourcesBuildPhase;
			buildActionMask = 2147483647;
			files = (
			);
			runOnlyForDeploymentPostprocessing = 0;
		};
		4514BC771FDDB04500A1EC32 /* Resources */ = {
			isa = PBXResourcesBuildPhase;
			buildActionMask = 2147483647;
			files = (
				452A33E41FDE15D4002F28A6 /* Data in Resources */,
			);
			runOnlyForDeploymentPostprocessing = 0;
		};
/* End PBXResourcesBuildPhase section */

/* Begin PBXSourcesBuildPhase section */
		4514BC6B1FDDB04500A1EC32 /* Sources */ = {
			isa = PBXSourcesBuildPhase;
			buildActionMask = 2147483647;
			files = (
				4514E0212252AAE6001A778A /* Constants.h in Sources */,
				4514E01F2252A650001A778A /* ProcessFilter.swift in Sources */,
				4514E01622529B10001A778A /* SUPProcesses.m in Sources */,
				4514BC961FDDB14700A1EC32 /* SUPProcessKiller.m in Sources */,
				4514BC981FDDB14700A1EC32 /* ProcessKiller.swift in Sources */,
				4514BC971FDDB14700A1EC32 /* ProcessData.swift in Sources */,
				4514BC9A1FDDB14700A1EC32 /* ProcessManager.swift in Sources */,
				45A1D1972225577E005A7157 /* SUPProcessMonitor.m in Sources */,
				4514E01822529DCA001A778A /* SUPProcesses.h in Sources */,
				45EA5C9F1FDDB79100303D1F /* Constants.swift in Sources */,
			);
			runOnlyForDeploymentPostprocessing = 0;
		};
		4514BC751FDDB04500A1EC32 /* Sources */ = {
			isa = PBXSourcesBuildPhase;
			buildActionMask = 2147483647;
			files = (
				4514E01D2252A186001A778A /* ProcessManagerRouter.swift in Sources */,
				452A33E21FDE1579002F28A6 /* XCTestCase+BundleResources.swift in Sources */,
				4514BC8E1FDDB13D00A1EC32 /* ProcessIntegrationTests.swift in Sources */,
				4514BC8F1FDDB13D00A1EC32 /* ProcessManagerTests.swift in Sources */,
				4514E01A2252A13F001A778A /* ProcessesTests.swift in Sources */,
				452A33E01FDE1570002F28A6 /* TestConstants.swift in Sources */,
				4514BC8D1FDDB13D00A1EC32 /* ProcessFilterTests.swift in Sources */,
				452A33E71FDE198F002F28A6 /* XCTestCase+Tasks.swift in Sources */,
			);
			runOnlyForDeploymentPostprocessing = 0;
		};
/* End PBXSourcesBuildPhase section */

/* Begin PBXTargetDependency section */
		4514BC7C1FDDB04500A1EC32 /* PBXTargetDependency */ = {
			isa = PBXTargetDependency;
			target = 4514BC6F1FDDB04500A1EC32 /* SevenHup */;
			targetProxy = 4514BC7B1FDDB04500A1EC32 /* PBXContainerItemProxy */;
		};
/* End PBXTargetDependency section */

/* Begin XCBuildConfiguration section */
		4514BC821FDDB04500A1EC32 /* Debug */ = {
			isa = XCBuildConfiguration;
			buildSettings = {
				ALWAYS_SEARCH_USER_PATHS = NO;
				CLANG_ANALYZER_NONNULL = YES;
				CLANG_ANALYZER_NUMBER_OBJECT_CONVERSION = YES_AGGRESSIVE;
				CLANG_CXX_LANGUAGE_STANDARD = "gnu++14";
				CLANG_CXX_LIBRARY = "libc++";
				CLANG_ENABLE_MODULES = YES;
				CLANG_ENABLE_OBJC_ARC = YES;
				CLANG_WARN_BLOCK_CAPTURE_AUTORELEASING = YES;
				CLANG_WARN_BOOL_CONVERSION = YES;
				CLANG_WARN_COMMA = YES;
				CLANG_WARN_CONSTANT_CONVERSION = YES;
				CLANG_WARN_DEPRECATED_OBJC_IMPLEMENTATIONS = YES;
				CLANG_WARN_DIRECT_OBJC_ISA_USAGE = YES_ERROR;
				CLANG_WARN_DOCUMENTATION_COMMENTS = YES;
				CLANG_WARN_EMPTY_BODY = YES;
				CLANG_WARN_ENUM_CONVERSION = YES;
				CLANG_WARN_INFINITE_RECURSION = YES;
				CLANG_WARN_INT_CONVERSION = YES;
				CLANG_WARN_NON_LITERAL_NULL_CONVERSION = YES;
				CLANG_WARN_OBJC_IMPLICIT_RETAIN_SELF = YES;
				CLANG_WARN_OBJC_LITERAL_CONVERSION = YES;
				CLANG_WARN_OBJC_ROOT_CLASS = YES_ERROR;
				CLANG_WARN_RANGE_LOOP_ANALYSIS = YES;
				CLANG_WARN_STRICT_PROTOTYPES = YES;
				CLANG_WARN_SUSPICIOUS_MOVE = YES;
				CLANG_WARN_UNGUARDED_AVAILABILITY = YES_AGGRESSIVE;
				CLANG_WARN_UNREACHABLE_CODE = YES;
				CLANG_WARN__DUPLICATE_METHOD_MATCH = YES;
				CODE_SIGN_IDENTITY = "-";
				COPY_PHASE_STRIP = NO;
				CURRENT_PROJECT_VERSION = 1;
				DEBUG_INFORMATION_FORMAT = dwarf;
				ENABLE_STRICT_OBJC_MSGSEND = YES;
				ENABLE_TESTABILITY = YES;
				GCC_C_LANGUAGE_STANDARD = gnu11;
				GCC_DYNAMIC_NO_PIC = NO;
				GCC_NO_COMMON_BLOCKS = YES;
				GCC_OPTIMIZATION_LEVEL = 0;
				GCC_PREPROCESSOR_DEFINITIONS = (
					"DEBUG=1",
					"$(inherited)",
				);
				GCC_WARN_64_TO_32_BIT_CONVERSION = YES;
				GCC_WARN_ABOUT_RETURN_TYPE = YES_ERROR;
				GCC_WARN_UNDECLARED_SELECTOR = YES;
				GCC_WARN_UNINITIALIZED_AUTOS = YES_AGGRESSIVE;
				GCC_WARN_UNUSED_FUNCTION = YES;
				GCC_WARN_UNUSED_VARIABLE = YES;
				MACOSX_DEPLOYMENT_TARGET = 10.14;
				MTL_ENABLE_DEBUG_INFO = YES;
				ONLY_ACTIVE_ARCH = YES;
				SDKROOT = macosx;
				SWIFT_ACTIVE_COMPILATION_CONDITIONS = DEBUG;
				SWIFT_OPTIMIZATION_LEVEL = "-Onone";
				VERSIONING_SYSTEM = "apple-generic";
				VERSION_INFO_PREFIX = "";
			};
			name = Debug;
		};
		4514BC831FDDB04500A1EC32 /* Release */ = {
			isa = XCBuildConfiguration;
			buildSettings = {
				ALWAYS_SEARCH_USER_PATHS = NO;
				CLANG_ANALYZER_NONNULL = YES;
				CLANG_ANALYZER_NUMBER_OBJECT_CONVERSION = YES_AGGRESSIVE;
				CLANG_CXX_LANGUAGE_STANDARD = "gnu++14";
				CLANG_CXX_LIBRARY = "libc++";
				CLANG_ENABLE_MODULES = YES;
				CLANG_ENABLE_OBJC_ARC = YES;
				CLANG_WARN_BLOCK_CAPTURE_AUTORELEASING = YES;
				CLANG_WARN_BOOL_CONVERSION = YES;
				CLANG_WARN_COMMA = YES;
				CLANG_WARN_CONSTANT_CONVERSION = YES;
				CLANG_WARN_DEPRECATED_OBJC_IMPLEMENTATIONS = YES;
				CLANG_WARN_DIRECT_OBJC_ISA_USAGE = YES_ERROR;
				CLANG_WARN_DOCUMENTATION_COMMENTS = YES;
				CLANG_WARN_EMPTY_BODY = YES;
				CLANG_WARN_ENUM_CONVERSION = YES;
				CLANG_WARN_INFINITE_RECURSION = YES;
				CLANG_WARN_INT_CONVERSION = YES;
				CLANG_WARN_NON_LITERAL_NULL_CONVERSION = YES;
				CLANG_WARN_OBJC_IMPLICIT_RETAIN_SELF = YES;
				CLANG_WARN_OBJC_LITERAL_CONVERSION = YES;
				CLANG_WARN_OBJC_ROOT_CLASS = YES_ERROR;
				CLANG_WARN_RANGE_LOOP_ANALYSIS = YES;
				CLANG_WARN_STRICT_PROTOTYPES = YES;
				CLANG_WARN_SUSPICIOUS_MOVE = YES;
				CLANG_WARN_UNGUARDED_AVAILABILITY = YES_AGGRESSIVE;
				CLANG_WARN_UNREACHABLE_CODE = YES;
				CLANG_WARN__DUPLICATE_METHOD_MATCH = YES;
				CODE_SIGN_IDENTITY = "-";
				COPY_PHASE_STRIP = NO;
				CURRENT_PROJECT_VERSION = 1;
				DEBUG_INFORMATION_FORMAT = "dwarf-with-dsym";
				ENABLE_NS_ASSERTIONS = NO;
				ENABLE_STRICT_OBJC_MSGSEND = YES;
				GCC_C_LANGUAGE_STANDARD = gnu11;
				GCC_NO_COMMON_BLOCKS = YES;
				GCC_WARN_64_TO_32_BIT_CONVERSION = YES;
				GCC_WARN_ABOUT_RETURN_TYPE = YES_ERROR;
				GCC_WARN_UNDECLARED_SELECTOR = YES;
				GCC_WARN_UNINITIALIZED_AUTOS = YES_AGGRESSIVE;
				GCC_WARN_UNUSED_FUNCTION = YES;
				GCC_WARN_UNUSED_VARIABLE = YES;
				MACOSX_DEPLOYMENT_TARGET = 10.14;
				MTL_ENABLE_DEBUG_INFO = NO;
				SDKROOT = macosx;
				SWIFT_OPTIMIZATION_LEVEL = "-Owholemodule";
				VERSIONING_SYSTEM = "apple-generic";
				VERSION_INFO_PREFIX = "";
			};
			name = Release;
		};
		4514BC851FDDB04500A1EC32 /* Debug */ = {
			isa = XCBuildConfiguration;
			buildSettings = {
				CLANG_ENABLE_MODULES = YES;
				CODE_SIGN_IDENTITY = "";
				CODE_SIGN_STYLE = Automatic;
				COMBINE_HIDPI_IMAGES = YES;
				DEFINES_MODULE = YES;
				DYLIB_COMPATIBILITY_VERSION = 1;
				DYLIB_CURRENT_VERSION = 1;
				DYLIB_INSTALL_NAME_BASE = "@rpath";
				FRAMEWORK_SEARCH_PATHS = (
					"$(inherited)",
					"$(PROJECT_DIR)/Carthage/Build/Mac",
				);
				FRAMEWORK_VERSION = A;
				INFOPLIST_FILE = SevenHup/Info.plist;
				INSTALL_PATH = "$(LOCAL_LIBRARY_DIR)/Frameworks";
				LD_RUNPATH_SEARCH_PATHS = "$(inherited) @executable_path/../Frameworks @loader_path/Frameworks";
				PRODUCT_BUNDLE_IDENTIFIER = com.1percenter.SevenHup;
				PRODUCT_NAME = "$(TARGET_NAME:c99extidentifier)";
				SKIP_INSTALL = YES;
				SWIFT_OPTIMIZATION_LEVEL = "-Onone";
				SWIFT_VERSION = 5.0;
			};
			name = Debug;
		};
		4514BC861FDDB04500A1EC32 /* Release */ = {
			isa = XCBuildConfiguration;
			buildSettings = {
				CLANG_ENABLE_MODULES = YES;
				CODE_SIGN_IDENTITY = "";
				CODE_SIGN_STYLE = Automatic;
				COMBINE_HIDPI_IMAGES = YES;
				DEFINES_MODULE = YES;
				DYLIB_COMPATIBILITY_VERSION = 1;
				DYLIB_CURRENT_VERSION = 1;
				DYLIB_INSTALL_NAME_BASE = "@rpath";
				FRAMEWORK_SEARCH_PATHS = (
					"$(inherited)",
					"$(PROJECT_DIR)/Carthage/Build/Mac",
				);
				FRAMEWORK_VERSION = A;
				INFOPLIST_FILE = SevenHup/Info.plist;
				INSTALL_PATH = "$(LOCAL_LIBRARY_DIR)/Frameworks";
				LD_RUNPATH_SEARCH_PATHS = "$(inherited) @executable_path/../Frameworks @loader_path/Frameworks";
				PRODUCT_BUNDLE_IDENTIFIER = com.1percenter.SevenHup;
				PRODUCT_NAME = "$(TARGET_NAME:c99extidentifier)";
				SKIP_INSTALL = YES;
				SWIFT_VERSION = 5.0;
			};
			name = Release;
		};
		4514BC881FDDB04500A1EC32 /* Debug */ = {
			isa = XCBuildConfiguration;
			buildSettings = {
				ALWAYS_EMBED_SWIFT_STANDARD_LIBRARIES = YES;
				CODE_SIGN_STYLE = Automatic;
				COMBINE_HIDPI_IMAGES = YES;
				FRAMEWORK_SEARCH_PATHS = (
					"$(inherited)",
					"$(PROJECT_DIR)/Carthage/Build/Mac",
				);
				INFOPLIST_FILE = SevenHupTests/Info.plist;
				LD_RUNPATH_SEARCH_PATHS = "$(inherited) @executable_path/../Frameworks @loader_path/../Frameworks";
				PRODUCT_BUNDLE_IDENTIFIER = com.1percenter.SevenHupTests;
				PRODUCT_NAME = "$(TARGET_NAME)";
				SWIFT_VERSION = 5.0;
			};
			name = Debug;
		};
		4514BC891FDDB04500A1EC32 /* Release */ = {
			isa = XCBuildConfiguration;
			buildSettings = {
				ALWAYS_EMBED_SWIFT_STANDARD_LIBRARIES = YES;
				CODE_SIGN_STYLE = Automatic;
				COMBINE_HIDPI_IMAGES = YES;
				FRAMEWORK_SEARCH_PATHS = (
					"$(inherited)",
					"$(PROJECT_DIR)/Carthage/Build/Mac",
				);
				INFOPLIST_FILE = SevenHupTests/Info.plist;
				LD_RUNPATH_SEARCH_PATHS = "$(inherited) @executable_path/../Frameworks @loader_path/../Frameworks";
				PRODUCT_BUNDLE_IDENTIFIER = com.1percenter.SevenHupTests;
				PRODUCT_NAME = "$(TARGET_NAME)";
				SWIFT_VERSION = 5.0;
			};
			name = Release;
		};
/* End XCBuildConfiguration section */

/* Begin XCConfigurationList section */
		4514BC6A1FDDB04500A1EC32 /* Build configuration list for PBXProject "SevenHup" */ = {
			isa = XCConfigurationList;
			buildConfigurations = (
				4514BC821FDDB04500A1EC32 /* Debug */,
				4514BC831FDDB04500A1EC32 /* Release */,
			);
			defaultConfigurationIsVisible = 0;
			defaultConfigurationName = Release;
		};
		4514BC841FDDB04500A1EC32 /* Build configuration list for PBXNativeTarget "SevenHup" */ = {
			isa = XCConfigurationList;
			buildConfigurations = (
				4514BC851FDDB04500A1EC32 /* Debug */,
				4514BC861FDDB04500A1EC32 /* Release */,
			);
			defaultConfigurationIsVisible = 0;
			defaultConfigurationName = Release;
		};
		4514BC871FDDB04500A1EC32 /* Build configuration list for PBXNativeTarget "SevenHupTests" */ = {
			isa = XCConfigurationList;
			buildConfigurations = (
				4514BC881FDDB04500A1EC32 /* Debug */,
				4514BC891FDDB04500A1EC32 /* Release */,
			);
			defaultConfigurationIsVisible = 0;
			defaultConfigurationName = Release;
		};
/* End XCConfigurationList section */
	};
	rootObject = 4514BC671FDDB04500A1EC32 /* Project object */;
}
